
Microsoft Visual Studio Solution File, Format Version 12.00
# Visual Studio Version 17
VisualStudioVersion = 17.9.34714.143
MinimumVisualStudioVersion = 10.0.40219.1
Project("{9A19103F-16F7-4668-BE54-9A1E7A4F7556}") = "ExpensesCalculator", "ExpensesCalculator.csproj", "{924DC98C-8823-4C5F-BF99-20F8BB6F0CE2}"
EndProject
Project("{FAE04EC0-301F-11D3-BF4B-00C04F79EFBC}") = "UnitTests", "..\ExpensesCalculator.Tests\UnitTests\UnitTests.csproj", "{80AB38FE-AE14-403B-A9F6-8E59BDA17722}"
EndProject
Global
	GlobalSection(SolutionConfigurationPlatforms) = preSolution
		Debug|Any CPU = Debug|Any CPU
		Release|Any CPU = Release|Any CPU
	EndGlobalSection
	GlobalSection(ProjectConfigurationPlatforms) = postSolution
		{924DC98C-8823-4C5F-BF99-20F8BB6F0CE2}.Debug|Any CPU.ActiveCfg = Debug|Any CPU
		{924DC98C-8823-4C5F-BF99-20F8BB6F0CE2}.Debug|Any CPU.Build.0 = Debug|Any CPU
		{924DC98C-8823-4C5F-BF99-20F8BB6F0CE2}.Release|Any CPU.ActiveCfg = Release|Any CPU
		{924DC98C-8823-4C5F-BF99-20F8BB6F0CE2}.Release|Any CPU.Build.0 = Release|Any CPU
		{80AB38FE-AE14-403B-A9F6-8E59BDA17722}.Debug|Any CPU.ActiveCfg = Debug|Any CPU
		{80AB38FE-AE14-403B-A9F6-8E59BDA17722}.Debug|Any CPU.Build.0 = Debug|Any CPU
		{80AB38FE-AE14-403B-A9F6-8E59BDA17722}.Release|Any CPU.ActiveCfg = Release|Any CPU
		{80AB38FE-AE14-403B-A9F6-8E59BDA17722}.Release|Any CPU.Build.0 = Release|Any CPU
	EndGlobalSection
	GlobalSection(SolutionProperties) = preSolution
		HideSolutionNode = FALSE
	EndGlobalSection
	GlobalSection(ExtensibilityGlobals) = postSolution
		SolutionGuid = {19178E21-9660-4539-827F-AFD3F5EB7024}
	EndGlobalSection
EndGlobal
